
Microsoft Visual Studio Solution File, Format Version 12.00
# Visual Studio Version 16
VisualStudioVersion = 16.0.30517.126
MinimumVisualStudioVersion = 10.0.40219.1
Project("{FAE04EC0-301F-11D3-BF4B-00C04F79EFBC}") = "OrganisationsDetail", "Organisations\OrganisationsDetail.csproj", "{02912230-CB22-4F54-AE16-505F02CFD798}"
EndProject
Global
	GlobalSection(SolutionConfigurationPlatforms) = preSolution
		Debug|Any CPU = Debug|Any CPU
		Release|Any CPU = Release|Any CPU
	EndGlobalSection
	GlobalSection(ProjectConfigurationPlatforms) = postSolution
		{02912230-CB22-4F54-AE16-505F02CFD798}.Debug|Any CPU.ActiveCfg = Debug|Any CPU
		{02912230-CB22-4F54-AE16-505F02CFD798}.Debug|Any CPU.Build.0 = Debug|Any CPU
		{02912230-CB22-4F54-AE16-505F02CFD798}.Release|Any CPU.ActiveCfg = Release|Any CPU
		{02912230-CB22-4F54-AE16-505F02CFD798}.Release|Any CPU.Build.0 = Release|Any CPU
	EndGlobalSection
	GlobalSection(SolutionProperties) = preSolution
		HideSolutionNode = FALSE
	EndGlobalSection
	GlobalSection(ExtensibilityGlobals) = postSolution
		SolutionGuid = {270E0817-E94F-459B-A065-91EF90482940}
	EndGlobalSection
EndGlobal
